{
  "requires": true,
  "lockfileVersion": 1,
  "dependencies": {
    "react-device-detect": {
      "version": "1.11.14",
      "resolved": "https://registry.npmjs.org/react-device-detect/-/react-device-detect-1.11.14.tgz",
      "integrity": "sha512-WSjch241xI+rXHVtJaSYxNUT2WAykzfJgMI2Hg9xjNNTlIZdJu/fmWf4iedNH7qzFq+JaJ6fDJu3mrKFLerKBw==",
      "requires": {
        "ua-parser-js": "0.7.21"
      }
    },
    "ua-parser-js": {
      "version": "0.7.21",
      "resolved": "https://registry.npmjs.org/ua-parser-js/-/ua-parser-js-0.7.21.tgz",
      "integrity": "sha512-+O8/qh/Qj8CgC6eYBVBykMrNtp5Gebn4dlGD/kKXVkJNDwyrAwSIqwz8CDf+tsAIWVycKcku6gIXJ0qwx/ZXaQ=="
    }
  }
}
